# This file is automatically @generated by Cargo.
# It is not intended for manual editing.
version = 4

[[package]]
name = "formcalc-interpreter"
version = "0.1.0"

[[package]]
name = "pdfium-ffi-bridge"
version = "0.1.0"

[[package]]
name = "xfa-cli"
version = "0.1.0"

[[package]]
name = "xfa-dom-resolver"
version = "0.1.0"

[[package]]
name = "xfa-golden-tests"
version = "0.1.0"

[[package]]
name = "xfa-layout-engine"
version = "0.1.0"
